
Microsoft Visual Studio Solution File, Format Version 12.00
# Visual Studio Version 17
VisualStudioVersion = 17.3.32929.385
MinimumVisualStudioVersion = 10.0.40219.1
Project("{FAE04EC0-301F-11D3-BF4B-00C04F79EFBC}") = "KarakterTerstenYazma", "KarakterTerstenYazma\KarakterTerstenYazma.csproj", "{BEC24379-2505-4CC0-9F5A-42A9021B0160}"
EndProject
Global
	GlobalSection(SolutionConfigurationPlatforms) = preSolution
		Debug|Any CPU = Debug|Any CPU
		Release|Any CPU = Release|Any CPU
	EndGlobalSection
	GlobalSection(ProjectConfigurationPlatforms) = postSolution
		{BEC24379-2505-4CC0-9F5A-42A9021B0160}.Debug|Any CPU.ActiveCfg = Debug|Any CPU
		{BEC24379-2505-4CC0-9F5A-42A9021B0160}.Debug|Any CPU.Build.0 = Debug|Any CPU
		{BEC24379-2505-4CC0-9F5A-42A9021B0160}.Release|Any CPU.ActiveCfg = Release|Any CPU
		{BEC24379-2505-4CC0-9F5A-42A9021B0160}.Release|Any CPU.Build.0 = Release|Any CPU
	EndGlobalSection
	GlobalSection(SolutionProperties) = preSolution
		HideSolutionNode = FALSE
	EndGlobalSection
	GlobalSection(ExtensibilityGlobals) = postSolution
		SolutionGuid = {E18B9178-9D04-4D65-A69E-9A99567449AD}
	EndGlobalSection
EndGlobal
